Microsoft Visual Studio Solution File, Format Version 12.00
# Visual Studio Version 17
VisualStudioVersion = 17.5.2.0
MinimumVisualStudioVersion = 10.0.40219.1
Project("{FAE04EC0-301F-11D3-BF4B-00C04F79EFBC}") = "MauMind.App", "MauMind.App.csproj", "{A24520D6-8952-1F35-BACB-AA053D592F65}"
EndProject
Global
	GlobalSection(SolutionConfigurationPlatforms) = preSolution
		Debug|Any CPU = Debug|Any CPU
		Release|Any CPU = Release|Any CPU
	EndGlobalSection
	GlobalSection(ProjectConfigurationPlatforms) = postSolution
		{A24520D6-8952-1F35-BACB-AA053D592F65}.Debug|Any CPU.ActiveCfg = Debug|Any CPU
		{A24520D6-8952-1F35-BACB-AA053D592F65}.Debug|Any CPU.Build.0 = Debug|Any CPU
		{A24520D6-8952-1F35-BACB-AA053D592F65}.Release|Any CPU.ActiveCfg = Release|Any CPU
		{A24520D6-8952-1F35-BACB-AA053D592F65}.Release|Any CPU.Build.0 = Release|Any CPU
	EndGlobalSection
	GlobalSection(SolutionProperties) = preSolution
		HideSolutionNode = FALSE
	EndGlobalSection
	GlobalSection(ExtensibilityGlobals) = postSolution
		SolutionGuid = {F6F036E1-CE23-4555-9A72-D2BA6E83B54F}
	EndGlobalSection
EndGlobal
